
Microsoft Visual Studio Solution File, Format Version 12.00
# Visual Studio Version 17
VisualStudioVersion = 17.10.35122.118
MinimumVisualStudioVersion = 10.0.40219.1
Project("{FAE04EC0-301F-11D3-BF4B-00C04F79EFBC}") = "op_exercise", "op_exercise\op_exercise.csproj", "{CD3761E8-7D0F-4682-949C-51F22DC0B42D}"
EndProject
Global
	GlobalSection(SolutionConfigurationPlatforms) = preSolution
		Debug|Any CPU = Debug|Any CPU
		Release|Any CPU = Release|Any CPU
	EndGlobalSection
	GlobalSection(ProjectConfigurationPlatforms) = postSolution
		{CD3761E8-7D0F-4682-949C-51F22DC0B42D}.Debug|Any CPU.ActiveCfg = Debug|Any CPU
		{CD3761E8-7D0F-4682-949C-51F22DC0B42D}.Debug|Any CPU.Build.0 = Debug|Any CPU
		{CD3761E8-7D0F-4682-949C-51F22DC0B42D}.Release|Any CPU.ActiveCfg = Release|Any CPU
		{CD3761E8-7D0F-4682-949C-51F22DC0B42D}.Release|Any CPU.Build.0 = Release|Any CPU
	EndGlobalSection
	GlobalSection(SolutionProperties) = preSolution
		HideSolutionNode = FALSE
	EndGlobalSection
	GlobalSection(ExtensibilityGlobals) = postSolution
		SolutionGuid = {FAF8CC2A-9D8D-4FF9-AD05-1C250CD7A91A}
	EndGlobalSection
EndGlobal
