
Microsoft Visual Studio Solution File, Format Version 12.00
# Visual Studio Version 17
VisualStudioVersion = 17.10.35122.118
MinimumVisualStudioVersion = 10.0.40219.1
Project("{FAE04EC0-301F-11D3-BF4B-00C04F79EFBC}") = "Hospital", "project4\Hospital.csproj", "{B7CE8267-0786-438A-BDE7-EA0C4631871C}"
EndProject
Global
	GlobalSection(SolutionConfigurationPlatforms) = preSolution
		Debug|Any CPU = Debug|Any CPU
		Release|Any CPU = Release|Any CPU
	EndGlobalSection
	GlobalSection(ProjectConfigurationPlatforms) = postSolution
		{B7CE8267-0786-438A-BDE7-EA0C4631871C}.Debug|Any CPU.ActiveCfg = Debug|Any CPU
		{B7CE8267-0786-438A-BDE7-EA0C4631871C}.Debug|Any CPU.Build.0 = Debug|Any CPU
		{B7CE8267-0786-438A-BDE7-EA0C4631871C}.Release|Any CPU.ActiveCfg = Release|Any CPU
		{B7CE8267-0786-438A-BDE7-EA0C4631871C}.Release|Any CPU.Build.0 = Release|Any CPU
	EndGlobalSection
	GlobalSection(SolutionProperties) = preSolution
		HideSolutionNode = FALSE
	EndGlobalSection
	GlobalSection(ExtensibilityGlobals) = postSolution
		SolutionGuid = {3338A40E-381F-46C7-9CD7-8DE07EE7B771}
	EndGlobalSection
EndGlobal
