
Microsoft Visual Studio Solution File, Format Version 12.00
# Visual Studio Version 17
VisualStudioVersion = 17.10.35122.118
MinimumVisualStudioVersion = 10.0.40219.1
Project("{FAE04EC0-301F-11D3-BF4B-00C04F79EFBC}") = "Practice10", "Practice10\Practice10.csproj", "{11DA9128-B626-4D20-BA07-8033EF2B351F}"
EndProject
Global
	GlobalSection(SolutionConfigurationPlatforms) = preSolution
		Debug|Any CPU = Debug|Any CPU
		Release|Any CPU = Release|Any CPU
	EndGlobalSection
	GlobalSection(ProjectConfigurationPlatforms) = postSolution
		{11DA9128-B626-4D20-BA07-8033EF2B351F}.Debug|Any CPU.ActiveCfg = Debug|Any CPU
		{11DA9128-B626-4D20-BA07-8033EF2B351F}.Debug|Any CPU.Build.0 = Debug|Any CPU
		{11DA9128-B626-4D20-BA07-8033EF2B351F}.Release|Any CPU.ActiveCfg = Release|Any CPU
		{11DA9128-B626-4D20-BA07-8033EF2B351F}.Release|Any CPU.Build.0 = Release|Any CPU
	EndGlobalSection
	GlobalSection(SolutionProperties) = preSolution
		HideSolutionNode = FALSE
	EndGlobalSection
	GlobalSection(ExtensibilityGlobals) = postSolution
		SolutionGuid = {D6D7E674-3954-4629-87A0-90CAA2312106}
	EndGlobalSection
EndGlobal
